
Microsoft Visual Studio Solution File, Format Version 12.00
# Visual Studio Version 17
VisualStudioVersion = 17.2.32630.192
MinimumVisualStudioVersion = 10.0.40219.1
Project("{9A19103F-16F7-4668-BE54-9A1E7A4F7556}") = "Store.API", "Store.API\Store.API.csproj", "{C4470ECA-F6BB-41A7-93D1-1C856A2617F4}"
EndProject
Project("{9A19103F-16F7-4668-BE54-9A1E7A4F7556}") = "Store.CORE", "Store.CORE\Store.CORE.csproj", "{DC8C7694-223E-4097-B0D7-3CF13D579CE1}"
EndProject
Project("{9A19103F-16F7-4668-BE54-9A1E7A4F7556}") = "Store.DOMAIN", "Store.DOMAIN\Store.DOMAIN.csproj", "{38111C55-F8F3-4ECF-A83A-99B6349700FB}"
EndProject
Project("{9A19103F-16F7-4668-BE54-9A1E7A4F7556}") = "Store.INFRA", "Store.INFRA\Store.INFRA.csproj", "{5EA86279-E072-4156-8E64-D2AC556F7A08}"
EndProject
Project("{FAE04EC0-301F-11D3-BF4B-00C04F79EFBC}") = "Store.HostedService", "Store.HostedService\Store.HostedService.csproj", "{2DDD2235-7177-493C-935F-9C47660027BD}"
EndProject
Global
	GlobalSection(SolutionConfigurationPlatforms) = preSolution
		Debug|Any CPU = Debug|Any CPU
		Release|Any CPU = Release|Any CPU
	EndGlobalSection
	GlobalSection(ProjectConfigurationPlatforms) = postSolution
		{C4470ECA-F6BB-41A7-93D1-1C856A2617F4}.Debug|Any CPU.ActiveCfg = Debug|Any CPU
		{C4470ECA-F6BB-41A7-93D1-1C856A2617F4}.Debug|Any CPU.Build.0 = Debug|Any CPU
		{C4470ECA-F6BB-41A7-93D1-1C856A2617F4}.Release|Any CPU.ActiveCfg = Release|Any CPU
		{C4470ECA-F6BB-41A7-93D1-1C856A2617F4}.Release|Any CPU.Build.0 = Release|Any CPU
		{DC8C7694-223E-4097-B0D7-3CF13D579CE1}.Debug|Any CPU.ActiveCfg = Debug|Any CPU
		{DC8C7694-223E-4097-B0D7-3CF13D579CE1}.Debug|Any CPU.Build.0 = Debug|Any CPU
		{DC8C7694-223E-4097-B0D7-3CF13D579CE1}.Release|Any CPU.ActiveCfg = Release|Any CPU
		{DC8C7694-223E-4097-B0D7-3CF13D579CE1}.Release|Any CPU.Build.0 = Release|Any CPU
		{38111C55-F8F3-4ECF-A83A-99B6349700FB}.Debug|Any CPU.ActiveCfg = Debug|Any CPU
		{38111C55-F8F3-4ECF-A83A-99B6349700FB}.Debug|Any CPU.Build.0 = Debug|Any CPU
		{38111C55-F8F3-4ECF-A83A-99B6349700FB}.Release|Any CPU.ActiveCfg = Release|Any CPU
		{38111C55-F8F3-4ECF-A83A-99B6349700FB}.Release|Any CPU.Build.0 = Release|Any CPU
		{5EA86279-E072-4156-8E64-D2AC556F7A08}.Debug|Any CPU.ActiveCfg = Debug|Any CPU
		{5EA86279-E072-4156-8E64-D2AC556F7A08}.Debug|Any CPU.Build.0 = Debug|Any CPU
		{5EA86279-E072-4156-8E64-D2AC556F7A08}.Release|Any CPU.ActiveCfg = Release|Any CPU
		{5EA86279-E072-4156-8E64-D2AC556F7A08}.Release|Any CPU.Build.0 = Release|Any CPU
		{2DDD2235-7177-493C-935F-9C47660027BD}.Debug|Any CPU.ActiveCfg = Debug|Any CPU
		{2DDD2235-7177-493C-935F-9C47660027BD}.Debug|Any CPU.Build.0 = Debug|Any CPU
		{2DDD2235-7177-493C-935F-9C47660027BD}.Release|Any CPU.ActiveCfg = Release|Any CPU
		{2DDD2235-7177-493C-935F-9C47660027BD}.Release|Any CPU.Build.0 = Release|Any CPU
	EndGlobalSection
	GlobalSection(SolutionProperties) = preSolution
		HideSolutionNode = FALSE
	EndGlobalSection
	GlobalSection(ExtensibilityGlobals) = postSolution
		SolutionGuid = {BE895FEF-C72C-46ED-B838-B08AB9D91A17}
	EndGlobalSection
EndGlobal
